PODS:
  - Flutter (1.0.0)
  - pay_ios (0.0.1):
    - Flutter
  - Stripe (21.9.0):
    - Stripe/Stripe3DS2 (= 21.9.0)
    - StripeCore (= 21.9.0)
    - StripeUICore (= 21.9.0)
  - Stripe/Stripe3DS2 (21.9.0):
    - StripeCore (= 21.9.0)
    - StripeUICore (= 21.9.0)
  - stripe_ios (0.0.1):
    - Flutter
    - Stripe (~> 21.9.0)
  - StripeCore (21.9.0)
  - StripeUICore (21.9.0):
    - StripeCore (= 21.9.0)

DEPENDENCIES:
  - Flutter (from `Flutter`)
  - pay_ios (from `.symlinks/plugins/pay_ios/ios`)
  - stripe_ios (from `.symlinks/plugins/stripe_ios/ios`)

SPEC REPOS:
  trunk:
    - Stripe
    - StripeCore
    - StripeUICore

EXTERNAL SOURCES:
  Flutter:
    :path: Flutter
  pay_ios:
    :path: ".symlinks/plugins/pay_ios/ios"
  stripe_ios:
    :path: ".symlinks/plugins/stripe_ios/ios"

SPEC CHECKSUMS:
  Flutter: 50d75fe2f02b26cc09d224853bb45737f8b3214a
  pay_ios: 8c7beb9c61d885f3f51b61f75f8793023fc8843a
  Stripe: 41c3d261501e1dc84755b1bdabdaae50ebf92b53
  stripe_ios: fce03ba840e641cc31ff5bdb67f5d5b9c938b897
  StripeCore: 2ea9531e863ef20f191a0d61f00dedb7f061baef
  StripeUICore: a0f9e40520823d34c63baec0782fc4a0c7fb7484

PODFILE CHECKSUM: 4e8f8b2be68aeea4c0d5beb6ff1e79fface1d048

COCOAPODS: 1.10.1
