PODS:
  - Flutter (1.0.0)
  - pay_ios (0.0.1):
    - Flutter
  - Stripe (22.5.1):
    - Stripe/Stripe3DS2 (= 22.5.1)
    - StripeApplePay (= 22.5.1)
    - StripeCore (= 22.5.1)
    - StripeUICore (= 22.5.1)
  - Stripe/Stripe3DS2 (22.5.1):
    - StripeApplePay (= 22.5.1)
    - StripeCore (= 22.5.1)
    - StripeUICore (= 22.5.1)
  - stripe_ios (0.0.1):
    - Flutter
    - Stripe (~> 22.5.1)
    - StripeFinancialConnections (~> 22.5.1)
  - StripeApplePay (22.5.1):
    - StripeCore (= 22.5.1)
  - StripeCore (22.5.1)
  - StripeFinancialConnections (22.5.1):
    - StripeCore (= 22.5.1)
    - StripeUICore (= 22.5.1)
  - StripeUICore (22.5.1):
    - StripeCore (= 22.5.1)
  - webview_flutter_wkwebview (0.0.1):
    - Flutter

DEPENDENCIES:
  - Flutter (from `Flutter`)
  - pay_ios (from `.symlinks/plugins/pay_ios/ios`)
  - stripe_ios (from `.symlinks/plugins/stripe_ios/ios`)
  - webview_flutter_wkwebview (from `.symlinks/plugins/webview_flutter_wkwebview/ios`)

SPEC REPOS:
  trunk:
    - Stripe
    - StripeApplePay
    - StripeCore
    - StripeFinancialConnections
    - StripeUICore

EXTERNAL SOURCES:
  Flutter:
    :path: Flutter
  pay_ios:
    :path: ".symlinks/plugins/pay_ios/ios"
  stripe_ios:
    :path: ".symlinks/plugins/stripe_ios/ios"
  webview_flutter_wkwebview:
    :path: ".symlinks/plugins/webview_flutter_wkwebview/ios"

SPEC CHECKSUMS:
  Flutter: 50d75fe2f02b26cc09d224853bb45737f8b3214a
  pay_ios: 8c7beb9c61d885f3f51b61f75f8793023fc8843a
  Stripe: 2b2decd03146e08a350960966d41f3028c2eac29
  stripe_ios: e94186250816de030881ced3399154eab186e439
  StripeApplePay: b14f06ac6fc24b56704c1e598149ed0cc45e166f
  StripeCore: 4833738f2ca4336712f279f3c2867a0a7eb67c93
  StripeFinancialConnections: 982115b82af429968d8aa78d329a42ed7ba3feab
  StripeUICore: 08c1efbd7e3c54ee7fa74334a37a1d4c08ba944d
  webview_flutter_wkwebview: 005fbd90c888a42c5690919a1527ecc6649e1162

PODFILE CHECKSUM: 4e8f8b2be68aeea4c0d5beb6ff1e79fface1d048

COCOAPODS: 1.11.3
