PODS:
  - Flutter (1.0.0)
  - Stripe (22.4.0):
    - Stripe/Stripe3DS2 (= 22.4.0)
    - StripeApplePay (= 22.4.0)
    - StripeCore (= 22.4.0)
    - StripeUICore (= 22.4.0)
  - Stripe/Stripe3DS2 (22.4.0):
    - StripeApplePay (= 22.4.0)
    - StripeCore (= 22.4.0)
    - StripeUICore (= 22.4.0)
  - stripe_ios (0.0.1):
    - Flutter
    - Stripe (~> 22.4.0)
    - StripeFinancialConnections (~> 22.4.0)
  - StripeApplePay (22.4.0):
    - StripeCore (= 22.4.0)
  - StripeCore (22.4.0)
  - StripeFinancialConnections (22.4.0):
    - StripeCore (= 22.4.0)
    - StripeUICore (= 22.4.0)
  - StripeUICore (22.4.0):
    - StripeCore (= 22.4.0)
  - webview_flutter_wkwebview (0.0.1):
    - Flutter

DEPENDENCIES:
  - Flutter (from `Flutter`)
  - stripe_ios (from `.symlinks/plugins/stripe_ios/ios`)
  - webview_flutter_wkwebview (from `.symlinks/plugins/webview_flutter_wkwebview/ios`)

SPEC REPOS:
  trunk:
    - Stripe
    - StripeApplePay
    - StripeCore
    - StripeFinancialConnections
    - StripeUICore

EXTERNAL SOURCES:
  Flutter:
    :path: Flutter
  stripe_ios:
    :path: ".symlinks/plugins/stripe_ios/ios"
  webview_flutter_wkwebview:
    :path: ".symlinks/plugins/webview_flutter_wkwebview/ios"

SPEC CHECKSUMS:
  Flutter: 50d75fe2f02b26cc09d224853bb45737f8b3214a
  Stripe: a925dfa9a7e51aa8f782f428abc10cb828b45a85
  stripe_ios: ba9cf4ad304acf74500b0a2cdd46b519173388c6
  StripeApplePay: 369857bafe8baf02e31b47478db1574febd2a2f3
  StripeCore: a94d2823817c97c79fce60884ab9027a2da798c1
  StripeFinancialConnections: 269658b79f639c2d6b7d513235d469418b04c2dd
  StripeUICore: a8e24a6c91a5c99075c7a490d45695fb912876e8
  webview_flutter_wkwebview: 005fbd90c888a42c5690919a1527ecc6649e1162

PODFILE CHECKSUM: 4e8f8b2be68aeea4c0d5beb6ff1e79fface1d048

COCOAPODS: 1.11.3
