{
  "pins" : [
    {
      "identity" : "stripe-ios-spm",
      "kind" : "remoteSourceControl",
      "location" : "https://github.com/stripe/stripe-ios-spm",
      "state" : {
        "revision" : "03d261e01eb65d6ff17b90614179e885cb0316f0",
        "version" : "26.3.0"
      }
    }
  ],
  "version" : 2
}
