{
  "pins" : [
    {
      "identity" : "stripe-ios-spm",
      "kind" : "remoteSourceControl",
      "location" : "https://github.com/stripe/stripe-ios-spm",
      "state" : {
        "revision" : "4f322eb59a7f49a239a36078357c4cac7dac07cd",
        "version" : "24.16.1"
      }
    }
  ],
  "version" : 2
}
