{
  "pins" : [
    {
      "identity" : "stripe-ios-spm",
      "kind" : "remoteSourceControl",
      "location" : "https://github.com/stripe/stripe-ios-spm",
      "state" : {
        "revision" : "653fc8cfc40b33740401f9bd9faa8588f9a53e5f",
        "version" : "23.32.0"
      }
    }
  ],
  "version" : 2
}
