PODS:
  - Flutter (1.0.0)
  - Stripe (21.4.0):
    - Stripe/Stripe3DS2 (= 21.4.0)
  - Stripe/Stripe3DS2 (21.4.0)
  - stripe_ios (0.0.1):
    - Flutter
    - Stripe (~> 21.4.0)

DEPENDENCIES:
  - Flutter (from `Flutter`)
  - stripe_ios (from `.symlinks/plugins/stripe_ios/ios`)

SPEC REPOS:
  trunk:
    - Stripe

EXTERNAL SOURCES:
  Flutter:
    :path: Flutter
  stripe_ios:
    :path: ".symlinks/plugins/stripe_ios/ios"

SPEC CHECKSUMS:
  Flutter: 434fef37c0980e73bb6479ef766c45957d4b510c
  Stripe: 7c594b943abb65cf7bc28e37fd5124e65db3ce9e
  stripe_ios: feb8a911b1c8ffb18da7aa225d3cc9c10c91100b

PODFILE CHECKSUM: 7368163408c647b7eb699d0d788ba6718e18fb8d

COCOAPODS: 1.10.1
