PODS:
  - Flutter (1.0.0)
  - pay_ios (0.0.1):
    - Flutter
  - Stripe (21.5.1):
    - Stripe/Stripe3DS2 (= 21.5.1)
  - Stripe/Stripe3DS2 (21.5.1)
  - stripe_ios (0.0.1):
    - Flutter
    - Stripe (~> 21.5.1)

DEPENDENCIES:
  - Flutter (from `Flutter`)
  - pay_ios (from `.symlinks/plugins/pay_ios/ios`)
  - stripe_ios (from `.symlinks/plugins/stripe_ios/ios`)

SPEC REPOS:
  trunk:
    - Stripe

EXTERNAL SOURCES:
  Flutter:
    :path: Flutter
  pay_ios:
    :path: ".symlinks/plugins/pay_ios/ios"
  stripe_ios:
    :path: ".symlinks/plugins/stripe_ios/ios"

SPEC CHECKSUMS:
  Flutter: 434fef37c0980e73bb6479ef766c45957d4b510c
  pay_ios: 8c7beb9c61d885f3f51b61f75f8793023fc8843a
  Stripe: 515db5536fd659b5d79a0898ce1b882b61ab597e
  stripe_ios: ce035050135b58a5a838e0d410d53b26f1dc026a

PODFILE CHECKSUM: 7368163408c647b7eb699d0d788ba6718e18fb8d

COCOAPODS: 1.10.1
